
Microsoft Visual Studio Solution File, Format Version 12.00
# Visual Studio 14
VisualStudioVersion = 14.0.25420.1
MinimumVisualStudioVersion = 10.0.40219.1
Project("{FAE04EC0-301F-11D3-BF4B-00C04F79EFBC}") = "Zoomarket", "Zoomarket\Zoomarket.csproj", "{62D62C38-35FE-4D9D-8204-93CAE692D56C}"
EndProject
Project("{FAE04EC0-301F-11D3-BF4B-00C04F79EFBC}") = "Zoomarket.Tests", "Zoomarket.Tests\Zoomarket.Tests.csproj", "{BE3E546C-476B-4D04-AD6A-3B332ECDDB5F}"
EndProject
Global
	GlobalSection(SolutionConfigurationPlatforms) = preSolution
		Debug|Any CPU = Debug|Any CPU
		Release|Any CPU = Release|Any CPU
	EndGlobalSection
	GlobalSection(ProjectConfigurationPlatforms) = postSolution
		{62D62C38-35FE-4D9D-8204-93CAE692D56C}.Debug|Any CPU.ActiveCfg = Debug|Any CPU
		{62D62C38-35FE-4D9D-8204-93CAE692D56C}.Debug|Any CPU.Build.0 = Debug|Any CPU
		{62D62C38-35FE-4D9D-8204-93CAE692D56C}.Release|Any CPU.ActiveCfg = Release|Any CPU
		{62D62C38-35FE-4D9D-8204-93CAE692D56C}.Release|Any CPU.Build.0 = Release|Any CPU
		{BE3E546C-476B-4D04-AD6A-3B332ECDDB5F}.Debug|Any CPU.ActiveCfg = Debug|Any CPU
		{BE3E546C-476B-4D04-AD6A-3B332ECDDB5F}.Debug|Any CPU.Build.0 = Debug|Any CPU
		{BE3E546C-476B-4D04-AD6A-3B332ECDDB5F}.Release|Any CPU.ActiveCfg = Release|Any CPU
		{BE3E546C-476B-4D04-AD6A-3B332ECDDB5F}.Release|Any CPU.Build.0 = Release|Any CPU
	EndGlobalSection
	GlobalSection(SolutionProperties) = preSolution
		HideSolutionNode = FALSE
	EndGlobalSection
EndGlobal
